
Microsoft Visual Studio Solution File, Format Version 12.00
# Visual Studio Version 17
VisualStudioVersion = 17.13.35825.156
MinimumVisualStudioVersion = 10.0.40219.1
Project("{FAE04EC0-301F-11D3-BF4B-00C04F79EFBC}") = "WebAppRazor", "WebAppRazor\WebAppRazor.csproj", "{C1B4D94A-EC65-484E-A3CA-2D0849C5D296}"
EndProject
Global
	GlobalSection(SolutionConfigurationPlatforms) = preSolution
		Debug|Any CPU = Debug|Any CPU
		Release|Any CPU = Release|Any CPU
	EndGlobalSection
	GlobalSection(ProjectConfigurationPlatforms) = postSolution
		{C1B4D94A-EC65-484E-A3CA-2D0849C5D296}.Debug|Any CPU.ActiveCfg = Debug|Any CPU
		{C1B4D94A-EC65-484E-A3CA-2D0849C5D296}.Debug|Any CPU.Build.0 = Debug|Any CPU
		{C1B4D94A-EC65-484E-A3CA-2D0849C5D296}.Release|Any CPU.ActiveCfg = Release|Any CPU
		{C1B4D94A-EC65-484E-A3CA-2D0849C5D296}.Release|Any CPU.Build.0 = Release|Any CPU
	EndGlobalSection
	GlobalSection(SolutionProperties) = preSolution
		HideSolutionNode = FALSE
	EndGlobalSection
	GlobalSection(ExtensibilityGlobals) = postSolution
		SolutionGuid = {CC90B68B-A9B1-46EE-ADF9-B1470B78FB26}
	EndGlobalSection
EndGlobal
